# THIS IS AN AUTOGENERATED FILE. DO NOT EDIT THIS FILE DIRECTLY.
# yarn lockfile v1


"@sentry/core@6.15.0":
  version "6.15.0"
  resolved "https://registry.yarnpkg.com/@sentry/core/-/core-6.15.0.tgz#5e877042fe18452f2273247126b32e139d5f907c"
  integrity sha512-mCbKyqvD1G3Re6gv6N8tRkBz84gvVWDfLtC6d1WBArIopzter6ktEbvq0cMT6EOvGI2OLXuJ6mtHA93/Q0gGpw==
  dependencies:
    "@sentry/hub" "6.15.0"
    "@sentry/minimal" "6.15.0"
    "@sentry/types" "6.15.0"
    "@sentry/utils" "6.15.0"
    tslib "^1.9.3"

"@sentry/hub@6.15.0":
  version "6.15.0"
  resolved "https://registry.yarnpkg.com/@sentry/hub/-/hub-6.15.0.tgz#fb8a91d12fdd2726a884374ea7242f6bbd081d69"
  integrity sha512-cUbHPeG6kKpGBaEMgbTWeU03Y1Up5T3urGF+cgtrn80PmPYYSUPvVvWlZQWPb8CJZ1yQ0gySWo5RUTatBFrEHA==
  dependencies:
    "@sentry/types" "6.15.0"
    "@sentry/utils" "6.15.0"
    tslib "^1.9.3"

"@sentry/integrations@^6.15.0":
  version "6.15.0"
  resolved "https://registry.yarnpkg.com/@sentry/integrations/-/integrations-6.15.0.tgz#3c83617c301b5f77a57514ad7812aedc03613a31"
  integrity sha512-fSBAipas6zwyYo4U91pyQOnaTcRCfwvH6ZFwu0Fqmkm64nU9rYpbTNiKkwOWbbiXXT6+LEF6RzBpsyhm4QvgmQ==
  dependencies:
    "@sentry/types" "6.15.0"
    "@sentry/utils" "6.15.0"
    localforage "^1.8.1"
    tslib "^1.9.3"

"@sentry/minimal@6.15.0":
  version "6.15.0"
  resolved "https://registry.yarnpkg.com/@sentry/minimal/-/minimal-6.15.0.tgz#fcc083ba901cfe57d25303d0b5fa8cd13e164466"
  integrity sha512-7RJIvZsjBa1qFUfMrAzQsWdfZT6Gm4t6ZTYfkpsXPBA35hkzglKbBrhhsUvkxGIhUGw/PiCUqxBUjcmzQP0vfg==
  dependencies:
    "@sentry/hub" "6.15.0"
    "@sentry/types" "6.15.0"
    tslib "^1.9.3"

"@sentry/node@^6.15.0":
  version "6.15.0"
  resolved "https://registry.yarnpkg.com/@sentry/node/-/node-6.15.0.tgz#d7b911e5667a3459a807a2ae0464558e872504d4"
  integrity sha512-V1GeupWi9ClmoMy5eBWdVTv3k+Yx/JpddT4zCzzYY9QfjYtEvQI7R3SWFtlgXuaQQaZNU0WUoE2UgJV2N/vS8g==
  dependencies:
    "@sentry/core" "6.15.0"
    "@sentry/hub" "6.15.0"
    "@sentry/tracing" "6.15.0"
    "@sentry/types" "6.15.0"
    "@sentry/utils" "6.15.0"
    cookie "^0.4.1"
    https-proxy-agent "^5.0.0"
    lru_map "^0.3.3"
    tslib "^1.9.3"

"@sentry/tracing@6.15.0":
  version "6.15.0"
  resolved "https://registry.yarnpkg.com/@sentry/tracing/-/tracing-6.15.0.tgz#5a5f08ee6b9cc1189227536fca053cd23488600d"
  integrity sha512-V5unvX8qNEfdawX+m2n0jKgmH/YR2ItWZLH+3UevBTptO+xyfvRtpgGXYWUCo3iGvFgWb1C+iIC7LViR9rTvBg==
  dependencies:
    "@sentry/hub" "6.15.0"
    "@sentry/minimal" "6.15.0"
    "@sentry/types" "6.15.0"
    "@sentry/utils" "6.15.0"
    tslib "^1.9.3"

"@sentry/types@6.15.0":
  version "6.15.0"
  resolved "https://registry.yarnpkg.com/@sentry/types/-/types-6.15.0.tgz#a2917f8aed91471bdfd6651384ffcd47b95c43ad"
  integrity sha512-zBw5gPUsofXUSpS3ZAXqRNedLRBvirl3sqkj2Lez7X2EkKRgn5D8m9fQIrig/X3TsKcXUpijDW5Buk5zeCVzJA==

"@sentry/utils@6.15.0":
  version "6.15.0"
  resolved "https://registry.yarnpkg.com/@sentry/utils/-/utils-6.15.0.tgz#0c247cb092b1796d39c3d16d8e6977b9cdab9ca2"
  integrity sha512-gnhKKyFtnNmKWjDizo7VKD0/Vx8cgW1lCusM6WI7jy2jlO3bQA0+Dzgmr4mIReZ74mq4VpOd2Vfrx7ZldW1DMw==
  dependencies:
    "@sentry/types" "6.15.0"
    tslib "^1.9.3"

"@types/node@^16.11.10":
  version "16.11.10"
  resolved "https://registry.yarnpkg.com/@types/node/-/node-16.11.10.tgz#2e3ad0a680d96367103d3e670d41c2fed3da61ae"
  integrity sha512-3aRnHa1KlOEEhJ6+CvyHKK5vE9BcLGjtUpwvqYLRvYNQKMfabu3BwfJaA/SLW8dxe28LsNDjtHwePTuzn3gmOA==

agent-base@6:
  version "6.0.2"
  resolved "https://registry.yarnpkg.com/agent-base/-/agent-base-6.0.2.tgz#49fff58577cfee3f37176feab4c22e00f86d7f77"
  integrity sha512-RZNwNclF7+MS/8bDg70amg32dyeZGZxiDuQmZxKLAlQjr3jGyLx+4Kkk58UO7D2QdgFIQCovuSuZESne6RG6XQ==
  dependencies:
    debug "4"

cookie@^0.4.1:
  version "0.4.1"
  resolved "https://registry.yarnpkg.com/cookie/-/cookie-0.4.1.tgz#afd713fe26ebd21ba95ceb61f9a8116e50a537d1"
  integrity sha512-ZwrFkGJxUR3EIoXtO+yVE69Eb7KlixbaeAWfBQB9vVsNn/o+Yw69gBWSSDK825hQNdN+wF8zELf3dFNl/kxkUA==

debug@4:
  version "4.3.3"
  resolved "https://registry.yarnpkg.com/debug/-/debug-4.3.3.tgz#04266e0b70a98d4462e6e288e38259213332b664"
  integrity sha512-/zxw5+vh1Tfv+4Qn7a5nsbcJKPaSvCDhojn6FEl9vupwK2VCSDtEiEtqr8DFtzYFOdz63LBkxec7DYuc2jon6Q==
  dependencies:
    ms "2.1.2"

dotenv@^10.0.0:
  version "10.0.0"
  resolved "https://registry.yarnpkg.com/dotenv/-/dotenv-10.0.0.tgz#3d4227b8fb95f81096cdd2b66653fb2c7085ba81"
  integrity sha512-rlBi9d8jpv9Sf1klPjNfFAuWDjKLwTIJJ/VxtoTwIR6hnZxcEOQCZg2oIL3MWBYw5GpUDKOEnND7LXTbIpQ03Q==

https-proxy-agent@^5.0.0:
  version "5.0.0"
  resolved "https://registry.yarnpkg.com/https-proxy-agent/-/https-proxy-agent-5.0.0.tgz#e2a90542abb68a762e0a0850f6c9edadfd8506b2"
  integrity sha512-EkYm5BcKUGiduxzSt3Eppko+PiNWNEpa4ySk9vTC6wDsQJW9rHSa+UhGNJoRYp7bz6Ht1eaRIa6QaJqO5rCFbA==
  dependencies:
    agent-base "6"
    debug "4"

immediate@~3.0.5:
  version "3.0.6"
  resolved "https://registry.yarnpkg.com/immediate/-/immediate-3.0.6.tgz#9db1dbd0faf8de6fbe0f5dd5e56bb606280de69b"
  integrity sha1-nbHb0Pr43m++D13V5Wu2BigN5ps=

lie@3.1.1:
  version "3.1.1"
  resolved "https://registry.yarnpkg.com/lie/-/lie-3.1.1.tgz#9a436b2cc7746ca59de7a41fa469b3efb76bd87e"
  integrity sha1-mkNrLMd0bKWd56QfpGmz77dr2H4=
  dependencies:
    immediate "~3.0.5"

localforage@^1.8.1:
  version "1.10.0"
  resolved "https://registry.yarnpkg.com/localforage/-/localforage-1.10.0.tgz#5c465dc5f62b2807c3a84c0c6a1b1b3212781dd4"
  integrity sha512-14/H1aX7hzBBmmh7sGPd+AOMkkIrHM3Z1PAyGgZigA1H1p5O5ANnMyWzvpAETtG68/dC4pC0ncy3+PPGzXZHPg==
  dependencies:
    lie "3.1.1"

lru_map@^0.3.3:
  version "0.3.3"
  resolved "https://registry.yarnpkg.com/lru_map/-/lru_map-0.3.3.tgz#b5c8351b9464cbd750335a79650a0ec0e56118dd"
  integrity sha1-tcg1G5Rky9dQM1p5ZQoOwOVhGN0=

ms@2.1.2:
  version "2.1.2"
  resolved "https://registry.yarnpkg.com/ms/-/ms-2.1.2.tgz#d09d1f357b443f493382a8eb3ccd183872ae6009"
  integrity sha512-sGkPx+VjMtmA6MX27oA4FBFELFCZZ4S4XqeGOXCv68tT+jb3vk/RyaKWP0PTKyWtmLSM0b+adUTEvbs1PEaH2w==

tslib@^1.9.3:
  version "1.14.1"
  resolved "https://registry.yarnpkg.com/tslib/-/tslib-1.14.1.tgz#cf2d38bdc34a134bcaf1091c41f6619e2f672d00"
  integrity sha512-Xni35NKzjgMrwevysHTCArtLDpPvye8zV/0E4EyYn43P7/7qvQwPh9BGkHewbMulVntbigmcT7rdX3BNo9wRJg==

typescript@^4.5.2:
  version "4.5.2"
  resolved "https://registry.yarnpkg.com/typescript/-/typescript-4.5.2.tgz#8ac1fba9f52256fdb06fb89e4122fa6a346c2998"
  integrity sha512-5BlMof9H1yGt0P8/WF+wPNw6GfctgGjXp5hkblpyT+8rkASSmkUKMXrxR0Xg8ThVCi/JnHQiKXeBaEwCeQwMFw==
